
Microsoft Visual Studio Solution File, Format Version 12.00
# Visual Studio Version 16
VisualStudioVersion = 16.0.29209.152
MinimumVisualStudioVersion = 10.0.40219.1
Project("{9A19103F-16F7-4668-BE54-9A1E7A4F7556}") = "ModelGenerator.Core", "ModelGenerator.Core\ModelGenerator.Core.csproj", "{664DEEF3-48C6-4F08-8773-46EFCA37375D}"
EndProject
Project("{FAE04EC0-301F-11D3-BF4B-00C04F79EFBC}") = "ModelGeneratorVSIX", "ModelGeneratorVSIX\ModelGeneratorVSIX.csproj", "{33AB9958-CF1E-47E5-A64D-D4DE88A8CE40}"
EndProject
Project("{9A19103F-16F7-4668-BE54-9A1E7A4F7556}") = "ModelGeneratorWPF", "ModelGeneratorWPF\ModelGeneratorWPF.csproj", "{B5095F63-7615-4093-A1F5-DA259764FE70}"
EndProject
Project("{FAE04EC0-301F-11D3-BF4B-00C04F79EFBC}") = "ModelGenerator.Test", "ModelGenerator.Test\ModelGenerator.Test.csproj", "{00FA2748-059D-4864-9210-85EED982CEDE}"
EndProject
Global
	GlobalSection(SolutionConfigurationPlatforms) = preSolution
		Debug|Any CPU = Debug|Any CPU
		Release|Any CPU = Release|Any CPU
	EndGlobalSection
	GlobalSection(ProjectConfigurationPlatforms) = postSolution
		{664DEEF3-48C6-4F08-8773-46EFCA37375D}.Debug|Any CPU.ActiveCfg = Debug|Any CPU
		{664DEEF3-48C6-4F08-8773-46EFCA37375D}.Debug|Any CPU.Build.0 = Debug|Any CPU
		{664DEEF3-48C6-4F08-8773-46EFCA37375D}.Release|Any CPU.ActiveCfg = Release|Any CPU
		{664DEEF3-48C6-4F08-8773-46EFCA37375D}.Release|Any CPU.Build.0 = Release|Any CPU
		{33AB9958-CF1E-47E5-A64D-D4DE88A8CE40}.Debug|Any CPU.ActiveCfg = Debug|Any CPU
		{33AB9958-CF1E-47E5-A64D-D4DE88A8CE40}.Debug|Any CPU.Build.0 = Debug|Any CPU
		{33AB9958-CF1E-47E5-A64D-D4DE88A8CE40}.Release|Any CPU.ActiveCfg = Release|Any CPU
		{33AB9958-CF1E-47E5-A64D-D4DE88A8CE40}.Release|Any CPU.Build.0 = Release|Any CPU
		{B5095F63-7615-4093-A1F5-DA259764FE70}.Debug|Any CPU.ActiveCfg = Debug|Any CPU
		{B5095F63-7615-4093-A1F5-DA259764FE70}.Debug|Any CPU.Build.0 = Debug|Any CPU
		{B5095F63-7615-4093-A1F5-DA259764FE70}.Release|Any CPU.ActiveCfg = Release|Any CPU
		{B5095F63-7615-4093-A1F5-DA259764FE70}.Release|Any CPU.Build.0 = Release|Any CPU
		{00FA2748-059D-4864-9210-85EED982CEDE}.Debug|Any CPU.ActiveCfg = Debug|Any CPU
		{00FA2748-059D-4864-9210-85EED982CEDE}.Debug|Any CPU.Build.0 = Debug|Any CPU
		{00FA2748-059D-4864-9210-85EED982CEDE}.Release|Any CPU.ActiveCfg = Release|Any CPU
		{00FA2748-059D-4864-9210-85EED982CEDE}.Release|Any CPU.Build.0 = Release|Any CPU
	EndGlobalSection
	GlobalSection(SolutionProperties) = preSolution
		HideSolutionNode = FALSE
	EndGlobalSection
	GlobalSection(ExtensibilityGlobals) = postSolution
		SolutionGuid = {9783BDAA-1681-430B-B968-C03F988EE8D6}
	EndGlobalSection
EndGlobal
